
Microsoft Visual Studio Solution File, Format Version 12.00
# Visual Studio Version 16
VisualStudioVersion = 16.0.31410.357
MinimumVisualStudioVersion = 10.0.40219.1
Project("{FAE04EC0-301F-11D3-BF4B-00C04F79EFBC}") = "NewStudentDemo", "NewStudentDemo.csproj", "{F4746098-0682-48E4-8DCD-38F34C3C0DBB}"
EndProject
Global
	GlobalSection(SolutionConfigurationPlatforms) = preSolution
		Debug|Any CPU = Debug|Any CPU
		Release|Any CPU = Release|Any CPU
	EndGlobalSection
	GlobalSection(ProjectConfigurationPlatforms) = postSolution
		{F4746098-0682-48E4-8DCD-38F34C3C0DBB}.Debug|Any CPU.ActiveCfg = Debug|Any CPU
		{F4746098-0682-48E4-8DCD-38F34C3C0DBB}.Debug|Any CPU.Build.0 = Debug|Any CPU
		{F4746098-0682-48E4-8DCD-38F34C3C0DBB}.Release|Any CPU.ActiveCfg = Release|Any CPU
		{F4746098-0682-48E4-8DCD-38F34C3C0DBB}.Release|Any CPU.Build.0 = Release|Any CPU
	EndGlobalSection
	GlobalSection(SolutionProperties) = preSolution
		HideSolutionNode = FALSE
	EndGlobalSection
	GlobalSection(ExtensibilityGlobals) = postSolution
		SolutionGuid = {27288A3F-69D9-492F-B3F3-9281E73D1199}
	EndGlobalSection
EndGlobal
